
Microsoft Visual Studio Solution File, Format Version 12.00
# Visual Studio Version 17
VisualStudioVersion = 17.1.32421.90
MinimumVisualStudioVersion = 10.0.40219.1
Project("{2150E333-8FDC-42A3-9474-1A3956D46DE8}") = "Solution Items", "Solution Items", "{F8B60501-CA85-4E16-9D6E-B76F17B948B1}"
	ProjectSection(SolutionItems) = preProject
		.editorconfig = .editorconfig
	EndProjectSection
EndProject
Project("{9A19103F-16F7-4668-BE54-9A1E7A4F7556}") = "SearchComparisonNet.GUI", "SearchComparisonNet.GUI\SearchComparisonNet.GUI.csproj", "{4706C856-F75E-486D-9AD4-5D086E8C21CA}"
EndProject
Project("{9A19103F-16F7-4668-BE54-9A1E7A4F7556}") = "SearchComparisonNet.Kernel", "SearchComparisonNet.Kernel\SearchComparisonNet.Kernel.csproj", "{2803B17B-DDBA-4B33-95ED-02E2BCEED687}"
EndProject
Project("{9A19103F-16F7-4668-BE54-9A1E7A4F7556}") = "SearchComparisonNet.Tests", "SearchComparisonNet.Tests\SearchComparisonNet.Tests.csproj", "{3B004BCF-8BE9-428F-B4B7-8132201E1FBE}"
EndProject
Global
	GlobalSection(SolutionConfigurationPlatforms) = preSolution
		Debug|Any CPU = Debug|Any CPU
		Release|Any CPU = Release|Any CPU
	EndGlobalSection
	GlobalSection(ProjectConfigurationPlatforms) = postSolution
		{4706C856-F75E-486D-9AD4-5D086E8C21CA}.Debug|Any CPU.ActiveCfg = Debug|Any CPU
		{4706C856-F75E-486D-9AD4-5D086E8C21CA}.Debug|Any CPU.Build.0 = Debug|Any CPU
		{4706C856-F75E-486D-9AD4-5D086E8C21CA}.Release|Any CPU.ActiveCfg = Release|Any CPU
		{4706C856-F75E-486D-9AD4-5D086E8C21CA}.Release|Any CPU.Build.0 = Release|Any CPU
		{2803B17B-DDBA-4B33-95ED-02E2BCEED687}.Debug|Any CPU.ActiveCfg = Debug|Any CPU
		{2803B17B-DDBA-4B33-95ED-02E2BCEED687}.Debug|Any CPU.Build.0 = Debug|Any CPU
		{2803B17B-DDBA-4B33-95ED-02E2BCEED687}.Release|Any CPU.ActiveCfg = Release|Any CPU
		{2803B17B-DDBA-4B33-95ED-02E2BCEED687}.Release|Any CPU.Build.0 = Release|Any CPU
		{3B004BCF-8BE9-428F-B4B7-8132201E1FBE}.Debug|Any CPU.ActiveCfg = Debug|Any CPU
		{3B004BCF-8BE9-428F-B4B7-8132201E1FBE}.Debug|Any CPU.Build.0 = Debug|Any CPU
		{3B004BCF-8BE9-428F-B4B7-8132201E1FBE}.Release|Any CPU.ActiveCfg = Release|Any CPU
		{3B004BCF-8BE9-428F-B4B7-8132201E1FBE}.Release|Any CPU.Build.0 = Release|Any CPU
	EndGlobalSection
	GlobalSection(SolutionProperties) = preSolution
		HideSolutionNode = FALSE
	EndGlobalSection
	GlobalSection(ExtensibilityGlobals) = postSolution
		SolutionGuid = {11774B10-83F7-486D-AB73-407F0D7C4287}
	EndGlobalSection
EndGlobal
